
Microsoft Visual Studio Solution File, Format Version 12.00
# Visual Studio Version 17
VisualStudioVersion = 17.7.34024.191
MinimumVisualStudioVersion = 10.0.40219.1
Project("{FAE04EC0-301F-11D3-BF4B-00C04F79EFBC}") = "business", "business\business.csproj", "{081E5EB6-44DA-484C-9222-7C571DA02531}"
EndProject
Global
	GlobalSection(SolutionConfigurationPlatforms) = preSolution
		Debug|Any CPU = Debug|Any CPU
		Release|Any CPU = Release|Any CPU
	EndGlobalSection
	GlobalSection(ProjectConfigurationPlatforms) = postSolution
		{081E5EB6-44DA-484C-9222-7C571DA02531}.Debug|Any CPU.ActiveCfg = Debug|Any CPU
		{081E5EB6-44DA-484C-9222-7C571DA02531}.Debug|Any CPU.Build.0 = Debug|Any CPU
		{081E5EB6-44DA-484C-9222-7C571DA02531}.Release|Any CPU.ActiveCfg = Release|Any CPU
		{081E5EB6-44DA-484C-9222-7C571DA02531}.Release|Any CPU.Build.0 = Release|Any CPU
	EndGlobalSection
	GlobalSection(SolutionProperties) = preSolution
		HideSolutionNode = FALSE
	EndGlobalSection
	GlobalSection(ExtensibilityGlobals) = postSolution
		SolutionGuid = {297F35D6-791A-43F9-BB26-E1D3C5B12F68}
	EndGlobalSection
EndGlobal
